// !$*UTF8*$!
{
	archiveVersion = 1;
	classes = {
	};
	objectVersion = 46;
	objects = {

/* Begin PBXBuildFile section */
		7B26E64F134A115C00C5BC50 /* Foundation.framework in Frameworks */ = {isa = PBXBuildFile; fileRef = 7B26E64E134A115C00C5BC50 /* Foundation.framework */; };
		7B26E652134A115C00C5BC50 /* main.m in Sources */ = {isa = PBXBuildFile; fileRef = 7B26E651134A115C00C5BC50 /* main.m */; };
		7B26E65E134A148200C5BC50 /* ApplicationServices.framework in Frameworks */ = {isa = PBXBuildFile; fileRef = 7B26E65D134A148200C5BC50 /* ApplicationServices.framework */; };
/* End PBXBuildFile section */

/* Begin PBXCopyFilesBuildPhase section */
		7B26E648134A115C00C5BC50 /* CopyFiles */ = {
			isa = PBXCopyFilesBuildPhase;
			buildActionMask = 2147483647;
			dstPath = /usr/share/man/man1/;
			dstSubfolderSpec = 0;
			files = (
			);
			runOnlyForDeploymentPostprocessing = 1;
		};
/* End PBXCopyFilesBuildPhase section */

/* Begin PBXFileReference section */
		7B26E64A134A115C00C5BC50 /* ShrinkPng */ = {isa = PBXFileReference; explicitFileType = "compiled.mach-o.executable"; includeInIndex = 0; path = ShrinkPng; sourceTree = BUILT_PRODUCTS_DIR; };
		7B26E64E134A115C00C5BC50 /* Foundation.framework */ = {isa = PBXFileReference; lastKnownFileType = wrapper.framework; name = Foundation.framework; path = System/Library/Frameworks/Foundation.framework; sourceTree = SDKROOT; };
		7B26E651134A115C00C5BC50 /* main.m */ = {isa = PBXFileReference; lastKnownFileType = sourcecode.c.objc; path = main.m; sourceTree = "<group>"; };
		7B26E654134A115C00C5BC50 /* ShrinkPng-Prefix.pch */ = {isa = PBXFileReference; lastKnownFileType = sourcecode.c.h; path = "ShrinkPng-Prefix.pch"; sourceTree = "<group>"; };
		7B26E65D134A148200C5BC50 /* ApplicationServices.framework */ = {isa = PBXFileReference; lastKnownFileType = wrapper.framework; name = ApplicationServices.framework; path = System/Library/Frameworks/ApplicationServices.framework; sourceTree = SDKROOT; };
/* End PBXFileReference section */

/* Begin PBXFrameworksBuildPhase section */
		7B26E647134A115C00C5BC50 /* Frameworks */ = {
			isa = PBXFrameworksBuildPhase;
			buildActionMask = 2147483647;
			files = (
				7B26E65E134A148200C5BC50 /* ApplicationServices.framework in Frameworks */,
				7B26E64F134A115C00C5BC50 /* Foundation.framework in Frameworks */,
			);
			runOnlyForDeploymentPostprocessing = 0;
		};
/* End PBXFrameworksBuildPhase section */

/* Begin PBXGroup section */
		7B26E63F134A115C00C5BC50 = {
			isa = PBXGroup;
			children = (
				7B26E650134A115C00C5BC50 /* ShrinkPng */,
				7B26E64D134A115C00C5BC50 /* Frameworks */,
				7B26E64B134A115C00C5BC50 /* Products */,
			);
			sourceTree = "<group>";
		};
		7B26E64B134A115C00C5BC50 /* Products */ = {
			isa = PBXGroup;
			children = (
				7B26E64A134A115C00C5BC50 /* ShrinkPng */,
			);
			name = Products;
			sourceTree = "<group>";
		};
		7B26E64D134A115C00C5BC50 /* Frameworks */ = {
			isa = PBXGroup;
			children = (
				7B26E65D134A148200C5BC50 /* ApplicationServices.framework */,
				7B26E64E134A115C00C5BC50 /* Foundation.framework */,
			);
			name = Frameworks;
			sourceTree = "<group>";
		};
		7B26E650134A115C00C5BC50 /* ShrinkPng */ = {
			isa = PBXGroup;
			children = (
				7B26E651134A115C00C5BC50 /* main.m */,
				7B26E654134A115C00C5BC50 /* ShrinkPng-Prefix.pch */,
			);
			path = ShrinkPng;
			sourceTree = "<group>";
		};
/* End PBXGroup section */

/* Begin PBXNativeTarget section */
		7B26E649134A115C00C5BC50 /* ShrinkPng */ = {
			isa = PBXNativeTarget;
			buildConfigurationList = 7B26E658134A115C00C5BC50 /* Build configuration list for PBXNativeTarget "ShrinkPng" */;
			buildPhases = (
				7B26E646134A115C00C5BC50 /* Sources */,
				7B26E647134A115C00C5BC50 /* Frameworks */,
				7B26E648134A115C00C5BC50 /* CopyFiles */,
			);
			buildRules = (
			);
			dependencies = (
			);
			name = ShrinkPng;
			productName = ShrinkPng;
			productReference = 7B26E64A134A115C00C5BC50 /* ShrinkPng */;
			productType = "com.apple.product-type.tool";
		};
/* End PBXNativeTarget section */

/* Begin PBXProject section */
		7B26E641134A115C00C5BC50 /* Project object */ = {
			isa = PBXProject;
			attributes = {
				ORGANIZATIONNAME = Hollance;
			};
			buildConfigurationList = 7B26E644134A115C00C5BC50 /* Build configuration list for PBXProject "ShrinkPng" */;
			compatibilityVersion = "Xcode 3.2";
			developmentRegion = English;
			hasScannedForEncodings = 0;
			knownRegions = (
				en,
			);
			mainGroup = 7B26E63F134A115C00C5BC50;
			productRefGroup = 7B26E64B134A115C00C5BC50 /* Products */;
			projectDirPath = "";
			projectRoot = "";
			targets = (
				7B26E649134A115C00C5BC50 /* ShrinkPng */,
			);
		};
/* End PBXProject section */

/* Begin PBXSourcesBuildPhase section */
		7B26E646134A115C00C5BC50 /* Sources */ = {
			isa = PBXSourcesBuildPhase;
			buildActionMask = 2147483647;
			files = (
				7B26E652134A115C00C5BC50 /* main.m in Sources */,
			);
			runOnlyForDeploymentPostprocessing = 0;
		};
/* End PBXSourcesBuildPhase section */

/* Begin XCBuildConfiguration section */
		7B26E656134A115C00C5BC50 /* Debug */ = {
			isa = XCBuildConfiguration;
			buildSettings = {
				ARCHS = "$(ARCHS_STANDARD_32_64_BIT)";
				GCC_C_LANGUAGE_STANDARD = gnu99;
				GCC_OPTIMIZATION_LEVEL = 0;
				GCC_PREPROCESSOR_DEFINITIONS = DEBUG;
				GCC_SYMBOLS_PRIVATE_EXTERN = NO;
				GCC_VERSION = com.apple.compilers.llvm.clang.1_0;
				GCC_WARN_64_TO_32_BIT_CONVERSION = YES;
				GCC_WARN_ABOUT_RETURN_TYPE = YES;
				GCC_WARN_UNUSED_VARIABLE = YES;
				MACOSX_DEPLOYMENT_TARGET = 10.6;
				ONLY_ACTIVE_ARCH = YES;
				SDKROOT = macosx;
			};
			name = Debug;
		};
		7B26E657134A115C00C5BC50 /* Release */ = {
			isa = XCBuildConfiguration;
			buildSettings = {
				ARCHS = "$(ARCHS_STANDARD_32_64_BIT)";
				GCC_C_LANGUAGE_STANDARD = gnu99;
				GCC_VERSION = com.apple.compilers.llvm.clang.1_0;
				GCC_WARN_64_TO_32_BIT_CONVERSION = YES;
				GCC_WARN_ABOUT_RETURN_TYPE = YES;
				GCC_WARN_UNUSED_VARIABLE = YES;
				MACOSX_DEPLOYMENT_TARGET = 10.6;
				SDKROOT = macosx;
			};
			name = Release;
		};
		7B26E659134A115C00C5BC50 /* Debug */ = {
			isa = XCBuildConfiguration;
			buildSettings = {
				ALWAYS_SEARCH_USER_PATHS = NO;
				COPY_PHASE_STRIP = NO;
				GCC_DYNAMIC_NO_PIC = NO;
				GCC_ENABLE_OBJC_EXCEPTIONS = YES;
				GCC_PRECOMPILE_PREFIX_HEADER = YES;
				GCC_PREFIX_HEADER = "ShrinkPng/ShrinkPng-Prefix.pch";
				PRODUCT_NAME = "$(TARGET_NAME)";
			};
			name = Debug;
		};
		7B26E65A134A115C00C5BC50 /* Release */ = {
			isa = XCBuildConfiguration;
			buildSettings = {
				ALWAYS_SEARCH_USER_PATHS = NO;
				COPY_PHASE_STRIP = YES;
				DEBUG_INFORMATION_FORMAT = "dwarf-with-dsym";
				GCC_ENABLE_OBJC_EXCEPTIONS = YES;
				GCC_PRECOMPILE_PREFIX_HEADER = YES;
				GCC_PREFIX_HEADER = "ShrinkPng/ShrinkPng-Prefix.pch";
				PRODUCT_NAME = "$(TARGET_NAME)";
			};
			name = Release;
		};
/* End XCBuildConfiguration section */

/* Begin XCConfigurationList section */
		7B26E644134A115C00C5BC50 /* Build configuration list for PBXProject "ShrinkPng" */ = {
			isa = XCConfigurationList;
			buildConfigurations = (
				7B26E656134A115C00C5BC50 /* Debug */,
				7B26E657134A115C00C5BC50 /* Release */,
			);
			defaultConfigurationIsVisible = 0;
			defaultConfigurationName = Release;
		};
		7B26E658134A115C00C5BC50 /* Build configuration list for PBXNativeTarget "ShrinkPng" */ = {
			isa = XCConfigurationList;
			buildConfigurations = (
				7B26E659134A115C00C5BC50 /* Debug */,
				7B26E65A134A115C00C5BC50 /* Release */,
			);
			defaultConfigurationIsVisible = 0;
			defaultConfigurationName = Release;
		};
/* End XCConfigurationList section */
	};
	rootObject = 7B26E641134A115C00C5BC50 /* Project object */;
}
